
Microsoft Visual Studio Solution File, Format Version 12.00
# Visual Studio Version 16
VisualStudioVersion = 16.0.32002.261
MinimumVisualStudioVersion = 10.0.40219.1
Project("{00D1A9C2-B5F0-4AF3-8072-F6C62B433612}") = "CourseWork.Database", "CourseWork.Database\CourseWork.Database.sqlproj", "{ACBCF1D6-5582-40E7-A1EC-5393B46E2557}"
EndProject
Project("{9A19103F-16F7-4668-BE54-9A1E7A4F7556}") = "CourseWork.Cloud", "CourseWork.Cloud\CourseWork.Cloud.csproj", "{AA922A35-F7A3-4DFA-B331-DB303AB4E344}"
EndProject
Project("{9A19103F-16F7-4668-BE54-9A1E7A4F7556}") = "CourseWork.DataAccess", "CourseWork.DataAccess\CourseWork.DataAccess.csproj", "{6ADC6C6F-6E11-49AA-B155-0393959F59F7}"
EndProject
Project("{9A19103F-16F7-4668-BE54-9A1E7A4F7556}") = "CourseWork.Core", "CourseWork.Core\CourseWork.Core.csproj", "{E7E76E9C-CDCC-4DFC-A96E-42A1D9C1DE26}"
EndProject
Project("{9A19103F-16F7-4668-BE54-9A1E7A4F7556}") = "CourseWork.BusinessLogic", "CourseWork.BusinessLogic\CourseWork.BusinessLogic.csproj", "{A6437524-D5E9-475F-8C7B-F8732FFC8016}"
EndProject
Project("{FAE04EC0-301F-11D3-BF4B-00C04F79EFBC}") = "CourseWork.Web", "CourseWork.Web\CourseWork.Web.csproj", "{144EAA73-C73D-417D-8DA3-74FB696B4EE0}"
EndProject
Global
	GlobalSection(SolutionConfigurationPlatforms) = preSolution
		Debug|Any CPU = Debug|Any CPU
		Release|Any CPU = Release|Any CPU
	EndGlobalSection
	GlobalSection(ProjectConfigurationPlatforms) = postSolution
		{ACBCF1D6-5582-40E7-A1EC-5393B46E2557}.Debug|Any CPU.ActiveCfg = Debug|Any CPU
		{ACBCF1D6-5582-40E7-A1EC-5393B46E2557}.Debug|Any CPU.Build.0 = Debug|Any CPU
		{ACBCF1D6-5582-40E7-A1EC-5393B46E2557}.Debug|Any CPU.Deploy.0 = Debug|Any CPU
		{ACBCF1D6-5582-40E7-A1EC-5393B46E2557}.Release|Any CPU.ActiveCfg = Release|Any CPU
		{ACBCF1D6-5582-40E7-A1EC-5393B46E2557}.Release|Any CPU.Build.0 = Release|Any CPU
		{ACBCF1D6-5582-40E7-A1EC-5393B46E2557}.Release|Any CPU.Deploy.0 = Release|Any CPU
		{AA922A35-F7A3-4DFA-B331-DB303AB4E344}.Debug|Any CPU.ActiveCfg = Debug|Any CPU
		{AA922A35-F7A3-4DFA-B331-DB303AB4E344}.Debug|Any CPU.Build.0 = Debug|Any CPU
		{AA922A35-F7A3-4DFA-B331-DB303AB4E344}.Release|Any CPU.ActiveCfg = Release|Any CPU
		{AA922A35-F7A3-4DFA-B331-DB303AB4E344}.Release|Any CPU.Build.0 = Release|Any CPU
		{6ADC6C6F-6E11-49AA-B155-0393959F59F7}.Debug|Any CPU.ActiveCfg = Debug|Any CPU
		{6ADC6C6F-6E11-49AA-B155-0393959F59F7}.Debug|Any CPU.Build.0 = Debug|Any CPU
		{6ADC6C6F-6E11-49AA-B155-0393959F59F7}.Release|Any CPU.ActiveCfg = Release|Any CPU
		{6ADC6C6F-6E11-49AA-B155-0393959F59F7}.Release|Any CPU.Build.0 = Release|Any CPU
		{E7E76E9C-CDCC-4DFC-A96E-42A1D9C1DE26}.Debug|Any CPU.ActiveCfg = Debug|Any CPU
		{E7E76E9C-CDCC-4DFC-A96E-42A1D9C1DE26}.Debug|Any CPU.Build.0 = Debug|Any CPU
		{E7E76E9C-CDCC-4DFC-A96E-42A1D9C1DE26}.Release|Any CPU.ActiveCfg = Release|Any CPU
		{E7E76E9C-CDCC-4DFC-A96E-42A1D9C1DE26}.Release|Any CPU.Build.0 = Release|Any CPU
		{A6437524-D5E9-475F-8C7B-F8732FFC8016}.Debug|Any CPU.ActiveCfg = Debug|Any CPU
		{A6437524-D5E9-475F-8C7B-F8732FFC8016}.Debug|Any CPU.Build.0 = Debug|Any CPU
		{A6437524-D5E9-475F-8C7B-F8732FFC8016}.Release|Any CPU.ActiveCfg = Release|Any CPU
		{A6437524-D5E9-475F-8C7B-F8732FFC8016}.Release|Any CPU.Build.0 = Release|Any CPU
		{144EAA73-C73D-417D-8DA3-74FB696B4EE0}.Debug|Any CPU.ActiveCfg = Debug|Any CPU
		{144EAA73-C73D-417D-8DA3-74FB696B4EE0}.Debug|Any CPU.Build.0 = Debug|Any CPU
		{144EAA73-C73D-417D-8DA3-74FB696B4EE0}.Release|Any CPU.ActiveCfg = Release|Any CPU
		{144EAA73-C73D-417D-8DA3-74FB696B4EE0}.Release|Any CPU.Build.0 = Release|Any CPU
	EndGlobalSection
	GlobalSection(SolutionProperties) = preSolution
		HideSolutionNode = FALSE
	EndGlobalSection
	GlobalSection(ExtensibilityGlobals) = postSolution
		SolutionGuid = {EE42F824-FD27-4E6B-AB15-6CB6EBDF5068}
	EndGlobalSection
EndGlobal
